// !$*UTF8*$!
{
	archiveVersion = 1;
	classes = {
	};
	objectVersion = 46;
	objects = {

/* Begin PBXBuildFile section */
		7623532D52FD84AFCB6EF039 /* libPods-CRGoodsDetail.a in Frameworks */ = {isa = PBXBuildFile; fileRef = 20152E68DEDE05C5B3D6F353 /* libPods-CRGoodsDetail.a */; };
		90C39E831E06CB7E00800668 /* main.m in Sources */ = {isa = PBXBuildFile; fileRef = 90C39E821E06CB7E00800668 /* main.m */; };
		90C39E861E06CB7E00800668 /* AppDelegate.m in Sources */ = {isa = PBXBuildFile; fileRef = 90C39E851E06CB7E00800668 /* AppDelegate.m */; };
		90C39E891E06CB7E00800668 /* ViewController.m in Sources */ = {isa = PBXBuildFile; fileRef = 90C39E881E06CB7E00800668 /* ViewController.m */; };
		90C39E8C1E06CB7E00800668 /* Main.storyboard in Resources */ = {isa = PBXBuildFile; fileRef = 90C39E8A1E06CB7E00800668 /* Main.storyboard */; };
		90C39E8E1E06CB7E00800668 /* Assets.xcassets in Resources */ = {isa = PBXBuildFile; fileRef = 90C39E8D1E06CB7E00800668 /* Assets.xcassets */; };
		90C39E911E06CB7E00800668 /* LaunchScreen.storyboard in Resources */ = {isa = PBXBuildFile; fileRef = 90C39E8F1E06CB7E00800668 /* LaunchScreen.storyboard */; };
		90C39E9C1E06CB7E00800668 /* CRGoodsDetailTests.m in Sources */ = {isa = PBXBuildFile; fileRef = 90C39E9B1E06CB7E00800668 /* CRGoodsDetailTests.m */; };
		90C39EA71E06CB7E00800668 /* CRGoodsDetailUITests.m in Sources */ = {isa = PBXBuildFile; fileRef = 90C39EA61E06CB7E00800668 /* CRGoodsDetailUITests.m */; };
		90D8D9B420E12FA9005AC32F /* CRGoodsDetailViewController.m in Sources */ = {isa = PBXBuildFile; fileRef = 90D8D9B020E12FA9005AC32F /* CRGoodsDetailViewController.m */; };
		90D8D9B520E12FA9005AC32F /* CRGoodsDetailServiceProvide.m in Sources */ = {isa = PBXBuildFile; fileRef = 90D8D9B320E12FA9005AC32F /* CRGoodsDetailServiceProvide.m */; };
/* End PBXBuildFile section */

/* Begin PBXContainerItemProxy section */
		90C39E981E06CB7E00800668 /* PBXContainerItemProxy */ = {
			isa = PBXContainerItemProxy;
			containerPortal = 90C39E761E06CB7E00800668 /* Project object */;
			proxyType = 1;
			remoteGlobalIDString = 90C39E7D1E06CB7E00800668;
			remoteInfo = CRGoodsDetail;
		};
		90C39EA31E06CB7E00800668 /* PBXContainerItemProxy */ = {
			isa = PBXContainerItemProxy;
			containerPortal = 90C39E761E06CB7E00800668 /* Project object */;
			proxyType = 1;
			remoteGlobalIDString = 90C39E7D1E06CB7E00800668;
			remoteInfo = CRGoodsDetail;
		};
/* End PBXContainerItemProxy section */

/* Begin PBXFileReference section */
		20152E68DEDE05C5B3D6F353 /* libPods-CRGoodsDetail.a */ = {isa = PBXFileReference; explicitFileType = archive.ar; includeInIndex = 0; path = "libPods-CRGoodsDetail.a"; sourceTree = BUILT_PRODUCTS_DIR; };
		616DAD6C87E0F258C671E5BD /* Pods-CRGoodsDetail.release.xcconfig */ = {isa = PBXFileReference; includeInIndex = 1; lastKnownFileType = text.xcconfig; name = "Pods-CRGoodsDetail.release.xcconfig"; path = "Pods/Target Support Files/Pods-CRGoodsDetail/Pods-CRGoodsDetail.release.xcconfig"; sourceTree = "<group>"; };
		83BA7577A1BB5CC3C95C586F /* Pods-CRGoodsDetail.debug.xcconfig */ = {isa = PBXFileReference; includeInIndex = 1; lastKnownFileType = text.xcconfig; name = "Pods-CRGoodsDetail.debug.xcconfig"; path = "Pods/Target Support Files/Pods-CRGoodsDetail/Pods-CRGoodsDetail.debug.xcconfig"; sourceTree = "<group>"; };
		90C39E7E1E06CB7E00800668 /* CRGoodsDetail.app */ = {isa = PBXFileReference; explicitFileType = wrapper.application; includeInIndex = 0; path = CRGoodsDetail.app; sourceTree = BUILT_PRODUCTS_DIR; };
		90C39E821E06CB7E00800668 /* main.m */ = {isa = PBXFileReference; lastKnownFileType = sourcecode.c.objc; path = main.m; sourceTree = "<group>"; };
		90C39E841E06CB7E00800668 /* AppDelegate.h */ = {isa = PBXFileReference; lastKnownFileType = sourcecode.c.h; path = AppDelegate.h; sourceTree = "<group>"; };
		90C39E851E06CB7E00800668 /* AppDelegate.m */ = {isa = PBXFileReference; lastKnownFileType = sourcecode.c.objc; path = AppDelegate.m; sourceTree = "<group>"; };
		90C39E871E06CB7E00800668 /* ViewController.h */ = {isa = PBXFileReference; lastKnownFileType = sourcecode.c.h; path = ViewController.h; sourceTree = "<group>"; };
		90C39E881E06CB7E00800668 /* ViewController.m */ = {isa = PBXFileReference; lastKnownFileType = sourcecode.c.objc; path = ViewController.m; sourceTree = "<group>"; };
		90C39E8B1E06CB7E00800668 /* Base */ = {isa = PBXFileReference; lastKnownFileType = file.storyboard; name = Base; path = Base.lproj/Main.storyboard; sourceTree = "<group>"; };
		90C39E8D1E06CB7E00800668 /* Assets.xcassets */ = {isa = PBXFileReference; lastKnownFileType = folder.assetcatalog; path = Assets.xcassets; sourceTree = "<group>"; };
		90C39E901E06CB7E00800668 /* Base */ = {isa = PBXFileReference; lastKnownFileType = file.storyboard; name = Base; path = Base.lproj/LaunchScreen.storyboard; sourceTree = "<group>"; };
		90C39E921E06CB7E00800668 /* Info.plist */ = {isa = PBXFileReference; lastKnownFileType = text.plist.xml; path = Info.plist; sourceTree = "<group>"; };
		90C39E971E06CB7E00800668 /* CRGoodsDetailTests.xctest */ = {isa = PBXFileReference; explicitFileType = wrapper.cfbundle; includeInIndex = 0; path = CRGoodsDetailTests.xctest; sourceTree = BUILT_PRODUCTS_DIR; };
		90C39E9B1E06CB7E00800668 /* CRGoodsDetailTests.m */ = {isa = PBXFileReference; lastKnownFileType = sourcecode.c.objc; path = CRGoodsDetailTests.m; sourceTree = "<group>"; };
		90C39E9D1E06CB7E00800668 /* Info.plist */ = {isa = PBXFileReference; lastKnownFileType = text.plist.xml; path = Info.plist; sourceTree = "<group>"; };
		90C39EA21E06CB7E00800668 /* CRGoodsDetailUITests.xctest */ = {isa = PBXFileReference; explicitFileType = wrapper.cfbundle; includeInIndex = 0; path = CRGoodsDetailUITests.xctest; sourceTree = BUILT_PRODUCTS_DIR; };
		90C39EA61E06CB7E00800668 /* CRGoodsDetailUITests.m */ = {isa = PBXFileReference; lastKnownFileType = sourcecode.c.objc; path = CRGoodsDetailUITests.m; sourceTree = "<group>"; };
		90C39EA81E06CB7E00800668 /* Info.plist */ = {isa = PBXFileReference; lastKnownFileType = text.plist.xml; path = Info.plist; sourceTree = "<group>"; };
		90D8D9AD20E12FA9005AC32F /* CRGoodsDetailServiceProtocol.h */ = {isa = PBXFileReference; fileEncoding = 4; lastKnownFileType = sourcecode.c.h; path = CRGoodsDetailServiceProtocol.h; sourceTree = "<group>"; };
		90D8D9AF20E12FA9005AC32F /* CRGoodsDetailViewController.h */ = {isa = PBXFileReference; fileEncoding = 4; lastKnownFileType = sourcecode.c.h; path = CRGoodsDetailViewController.h; sourceTree = "<group>"; };
		90D8D9B020E12FA9005AC32F /* CRGoodsDetailViewController.m */ = {isa = PBXFileReference; fileEncoding = 4; lastKnownFileType = sourcecode.c.objc; path = CRGoodsDetailViewController.m; sourceTree = "<group>"; };
		90D8D9B220E12FA9005AC32F /* CRGoodsDetailServiceProvide.h */ = {isa = PBXFileReference; fileEncoding = 4; lastKnownFileType = sourcecode.c.h; path = CRGoodsDetailServiceProvide.h; sourceTree = "<group>"; };
		90D8D9B320E12FA9005AC32F /* CRGoodsDetailServiceProvide.m */ = {isa = PBXFileReference; fileEncoding = 4; lastKnownFileType = sourcecode.c.objc; path = CRGoodsDetailServiceProvide.m; sourceTree = "<group>"; };
/* End PBXFileReference section */

/* Begin PBXFrameworksBuildPhase section */
		90C39E7B1E06CB7E00800668 /* Frameworks */ = {
			isa = PBXFrameworksBuildPhase;
			buildActionMask = 2147483647;
			files = (
				7623532D52FD84AFCB6EF039 /* libPods-CRGoodsDetail.a in Frameworks */,
			);
			runOnlyForDeploymentPostprocessing = 0;
		};
		90C39E941E06CB7E00800668 /* Frameworks */ = {
			isa = PBXFrameworksBuildPhase;
			buildActionMask = 2147483647;
			files = (
			);
			runOnlyForDeploymentPostprocessing = 0;
		};
		90C39E9F1E06CB7E00800668 /* Frameworks */ = {
			isa = PBXFrameworksBuildPhase;
			buildActionMask = 2147483647;
			files = (
			);
			runOnlyForDeploymentPostprocessing = 0;
		};
/* End PBXFrameworksBuildPhase section */

/* Begin PBXGroup section */
		90C39E751E06CB7E00800668 = {
			isa = PBXGroup;
			children = (
				90C39E801E06CB7E00800668 /* CRGoodsDetail */,
				90C39E9A1E06CB7E00800668 /* CRGoodsDetailTests */,
				90C39EA51E06CB7E00800668 /* CRGoodsDetailUITests */,
				90C39E7F1E06CB7E00800668 /* Products */,
				B9EDE87B0A478A25EB6AB524 /* Pods */,
				AC97F8007AFB403088F2944C /* Frameworks */,
			);
			sourceTree = "<group>";
		};
		90C39E7F1E06CB7E00800668 /* Products */ = {
			isa = PBXGroup;
			children = (
				90C39E7E1E06CB7E00800668 /* CRGoodsDetail.app */,
				90C39E971E06CB7E00800668 /* CRGoodsDetailTests.xctest */,
				90C39EA21E06CB7E00800668 /* CRGoodsDetailUITests.xctest */,
			);
			name = Products;
			sourceTree = "<group>";
		};
		90C39E801E06CB7E00800668 /* CRGoodsDetail */ = {
			isa = PBXGroup;
			children = (
				90C39EB41E06CB9400800668 /* CRGoodsDetail */,
				90C39E841E06CB7E00800668 /* AppDelegate.h */,
				90C39E851E06CB7E00800668 /* AppDelegate.m */,
				90C39E871E06CB7E00800668 /* ViewController.h */,
				90C39E881E06CB7E00800668 /* ViewController.m */,
				90C39E8A1E06CB7E00800668 /* Main.storyboard */,
				90C39E8D1E06CB7E00800668 /* Assets.xcassets */,
				90C39E8F1E06CB7E00800668 /* LaunchScreen.storyboard */,
				90C39E921E06CB7E00800668 /* Info.plist */,
				90C39E811E06CB7E00800668 /* Supporting Files */,
			);
			path = CRGoodsDetail;
			sourceTree = "<group>";
		};
		90C39E811E06CB7E00800668 /* Supporting Files */ = {
			isa = PBXGroup;
			children = (
				90C39E821E06CB7E00800668 /* main.m */,
			);
			name = "Supporting Files";
			sourceTree = "<group>";
		};
		90C39E9A1E06CB7E00800668 /* CRGoodsDetailTests */ = {
			isa = PBXGroup;
			children = (
				90C39E9B1E06CB7E00800668 /* CRGoodsDetailTests.m */,
				90C39E9D1E06CB7E00800668 /* Info.plist */,
			);
			path = CRGoodsDetailTests;
			sourceTree = "<group>";
		};
		90C39EA51E06CB7E00800668 /* CRGoodsDetailUITests */ = {
			isa = PBXGroup;
			children = (
				90C39EA61E06CB7E00800668 /* CRGoodsDetailUITests.m */,
				90C39EA81E06CB7E00800668 /* Info.plist */,
			);
			path = CRGoodsDetailUITests;
			sourceTree = "<group>";
		};
		90C39EB41E06CB9400800668 /* CRGoodsDetail */ = {
			isa = PBXGroup;
			children = (
				90D8D9AC20E12FA9005AC32F /* Protocol */,
				90D8D9B120E12FA9005AC32F /* ServiceProvider */,
				90D8D9AE20E12FA9005AC32F /* Source */,
			);
			path = CRGoodsDetail;
			sourceTree = "<group>";
		};
		90D8D9AC20E12FA9005AC32F /* Protocol */ = {
			isa = PBXGroup;
			children = (
				90D8D9AD20E12FA9005AC32F /* CRGoodsDetailServiceProtocol.h */,
			);
			path = Protocol;
			sourceTree = "<group>";
		};
		90D8D9AE20E12FA9005AC32F /* Source */ = {
			isa = PBXGroup;
			children = (
				90D8D9AF20E12FA9005AC32F /* CRGoodsDetailViewController.h */,
				90D8D9B020E12FA9005AC32F /* CRGoodsDetailViewController.m */,
			);
			path = Source;
			sourceTree = "<group>";
		};
		90D8D9B120E12FA9005AC32F /* ServiceProvider */ = {
			isa = PBXGroup;
			children = (
				90D8D9B220E12FA9005AC32F /* CRGoodsDetailServiceProvide.h */,
				90D8D9B320E12FA9005AC32F /* CRGoodsDetailServiceProvide.m */,
			);
			path = ServiceProvider;
			sourceTree = "<group>";
		};
		AC97F8007AFB403088F2944C /* Frameworks */ = {
			isa = PBXGroup;
			children = (
				20152E68DEDE05C5B3D6F353 /* libPods-CRGoodsDetail.a */,
			);
			name = Frameworks;
			sourceTree = "<group>";
		};
		B9EDE87B0A478A25EB6AB524 /* Pods */ = {
			isa = PBXGroup;
			children = (
				83BA7577A1BB5CC3C95C586F /* Pods-CRGoodsDetail.debug.xcconfig */,
				616DAD6C87E0F258C671E5BD /* Pods-CRGoodsDetail.release.xcconfig */,
			);
			name = Pods;
			sourceTree = "<group>";
		};
/* End PBXGroup section */

/* Begin PBXNativeTarget section */
		90C39E7D1E06CB7E00800668 /* CRGoodsDetail */ = {
			isa = PBXNativeTarget;
			buildConfigurationList = 90C39EAB1E06CB7E00800668 /* Build configuration list for PBXNativeTarget "CRGoodsDetail" */;
			buildPhases = (
				E6AD89716057F22415280C0E /* [CP] Check Pods Manifest.lock */,
				90C39E7A1E06CB7E00800668 /* Sources */,
				90C39E7B1E06CB7E00800668 /* Frameworks */,
				90C39E7C1E06CB7E00800668 /* Resources */,
				2045E67DB2CA9EC0C2FA27DC /* [CP] Embed Pods Frameworks */,
				1C32B9CBCD3E3EC50F3BDA8B /* [CP] Copy Pods Resources */,
			);
			buildRules = (
			);
			dependencies = (
			);
			name = CRGoodsDetail;
			productName = CRGoodsDetail;
			productReference = 90C39E7E1E06CB7E00800668 /* CRGoodsDetail.app */;
			productType = "com.apple.product-type.application";
		};
		90C39E961E06CB7E00800668 /* CRGoodsDetailTests */ = {
			isa = PBXNativeTarget;
			buildConfigurationList = 90C39EAE1E06CB7E00800668 /* Build configuration list for PBXNativeTarget "CRGoodsDetailTests" */;
			buildPhases = (
				90C39E931E06CB7E00800668 /* Sources */,
				90C39E941E06CB7E00800668 /* Frameworks */,
				90C39E951E06CB7E00800668 /* Resources */,
			);
			buildRules = (
			);
			dependencies = (
				90C39E991E06CB7E00800668 /* PBXTargetDependency */,
			);
			name = CRGoodsDetailTests;
			productName = CRGoodsDetailTests;
			productReference = 90C39E971E06CB7E00800668 /* CRGoodsDetailTests.xctest */;
			productType = "com.apple.product-type.bundle.unit-test";
		};
		90C39EA11E06CB7E00800668 /* CRGoodsDetailUITests */ = {
			isa = PBXNativeTarget;
			buildConfigurationList = 90C39EB11E06CB7E00800668 /* Build configuration list for PBXNativeTarget "CRGoodsDetailUITests" */;
			buildPhases = (
				90C39E9E1E06CB7E00800668 /* Sources */,
				90C39E9F1E06CB7E00800668 /* Frameworks */,
				90C39EA01E06CB7E00800668 /* Resources */,
			);
			buildRules = (
			);
			dependencies = (
				90C39EA41E06CB7E00800668 /* PBXTargetDependency */,
			);
			name = CRGoodsDetailUITests;
			productName = CRGoodsDetailUITests;
			productReference = 90C39EA21E06CB7E00800668 /* CRGoodsDetailUITests.xctest */;
			productType = "com.apple.product-type.bundle.ui-testing";
		};
/* End PBXNativeTarget section */

/* Begin PBXProject section */
		90C39E761E06CB7E00800668 /* Project object */ = {
			isa = PBXProject;
			attributes = {
				LastUpgradeCheck = 0820;
				ORGANIZATIONNAME = Charon;
				TargetAttributes = {
					90C39E7D1E06CB7E00800668 = {
						CreatedOnToolsVersion = 8.2;
						ProvisioningStyle = Automatic;
					};
					90C39E961E06CB7E00800668 = {
						CreatedOnToolsVersion = 8.2;
						ProvisioningStyle = Automatic;
						TestTargetID = 90C39E7D1E06CB7E00800668;
					};
					90C39EA11E06CB7E00800668 = {
						CreatedOnToolsVersion = 8.2;
						ProvisioningStyle = Automatic;
						TestTargetID = 90C39E7D1E06CB7E00800668;
					};
				};
			};
			buildConfigurationList = 90C39E791E06CB7E00800668 /* Build configuration list for PBXProject "CRGoodsDetail" */;
			compatibilityVersion = "Xcode 3.2";
			developmentRegion = English;
			hasScannedForEncodings = 0;
			knownRegions = (
				en,
				Base,
			);
			mainGroup = 90C39E751E06CB7E00800668;
			productRefGroup = 90C39E7F1E06CB7E00800668 /* Products */;
			projectDirPath = "";
			projectRoot = "";
			targets = (
				90C39E7D1E06CB7E00800668 /* CRGoodsDetail */,
				90C39E961E06CB7E00800668 /* CRGoodsDetailTests */,
				90C39EA11E06CB7E00800668 /* CRGoodsDetailUITests */,
			);
		};
/* End PBXProject section */

/* Begin PBXResourcesBuildPhase section */
		90C39E7C1E06CB7E00800668 /* Resources */ = {
			isa = PBXResourcesBuildPhase;
			buildActionMask = 2147483647;
			files = (
				90C39E911E06CB7E00800668 /* LaunchScreen.storyboard in Resources */,
				90C39E8E1E06CB7E00800668 /* Assets.xcassets in Resources */,
				90C39E8C1E06CB7E00800668 /* Main.storyboard in Resources */,
			);
			runOnlyForDeploymentPostprocessing = 0;
		};
		90C39E951E06CB7E00800668 /* Resources */ = {
			isa = PBXResourcesBuildPhase;
			buildActionMask = 2147483647;
			files = (
			);
			runOnlyForDeploymentPostprocessing = 0;
		};
		90C39EA01E06CB7E00800668 /* Resources */ = {
			isa = PBXResourcesBuildPhase;
			buildActionMask = 2147483647;
			files = (
			);
			runOnlyForDeploymentPostprocessing = 0;
		};
/* End PBXResourcesBuildPhase section */

/* Begin PBXShellScriptBuildPhase section */
		1C32B9CBCD3E3EC50F3BDA8B /* [CP] Copy Pods Resources */ = {
			isa = PBXShellScriptBuildPhase;
			buildActionMask = 2147483647;
			files = (
			);
			inputPaths = (
			);
			name = "[CP] Copy Pods Resources";
			outputPaths = (
			);
			runOnlyForDeploymentPostprocessing = 0;
			shellPath = /bin/sh;
			shellScript = "\"${SRCROOT}/Pods/Target Support Files/Pods-CRGoodsDetail/Pods-CRGoodsDetail-resources.sh\"\n";
			showEnvVarsInLog = 0;
		};
		2045E67DB2CA9EC0C2FA27DC /* [CP] Embed Pods Frameworks */ = {
			isa = PBXShellScriptBuildPhase;
			buildActionMask = 2147483647;
			files = (
			);
			inputPaths = (
			);
			name = "[CP] Embed Pods Frameworks";
			outputPaths = (
			);
			runOnlyForDeploymentPostprocessing = 0;
			shellPath = /bin/sh;
			shellScript = "\"${SRCROOT}/Pods/Target Support Files/Pods-CRGoodsDetail/Pods-CRGoodsDetail-frameworks.sh\"\n";
			showEnvVarsInLog = 0;
		};
		E6AD89716057F22415280C0E /* [CP] Check Pods Manifest.lock */ = {
			isa = PBXShellScriptBuildPhase;
			buildActionMask = 2147483647;
			files = (
			);
			inputPaths = (
				"${PODS_PODFILE_DIR_PATH}/Podfile.lock",
				"${PODS_ROOT}/Manifest.lock",
			);
			name = "[CP] Check Pods Manifest.lock";
			outputPaths = (
				"$(DERIVED_FILE_DIR)/Pods-CRGoodsDetail-checkManifestLockResult.txt",
			);
			runOnlyForDeploymentPostprocessing = 0;
			shellPath = /bin/sh;
			shellScript = "diff \"${PODS_PODFILE_DIR_PATH}/Podfile.lock\" \"${PODS_ROOT}/Manifest.lock\" > /dev/null\nif [ $? != 0 ] ; then\n    # print error to STDERR\n    echo \"error: The sandbox is not in sync with the Podfile.lock. Run 'pod install' or update your CocoaPods installation.\" >&2\n    exit 1\nfi\n# This output is used by Xcode 'outputs' to avoid re-running this script phase.\necho \"SUCCESS\" > \"${SCRIPT_OUTPUT_FILE_0}\"\n";
			showEnvVarsInLog = 0;
		};
/* End PBXShellScriptBuildPhase section */

/* Begin PBXSourcesBuildPhase section */
		90C39E7A1E06CB7E00800668 /* Sources */ = {
			isa = PBXSourcesBuildPhase;
			buildActionMask = 2147483647;
			files = (
				90D8D9B520E12FA9005AC32F /* CRGoodsDetailServiceProvide.m in Sources */,
				90C39E891E06CB7E00800668 /* ViewController.m in Sources */,
				90C39E861E06CB7E00800668 /* AppDelegate.m in Sources */,
				90C39E831E06CB7E00800668 /* main.m in Sources */,
				90D8D9B420E12FA9005AC32F /* CRGoodsDetailViewController.m in Sources */,
			);
			runOnlyForDeploymentPostprocessing = 0;
		};
		90C39E931E06CB7E00800668 /* Sources */ = {
			isa = PBXSourcesBuildPhase;
			buildActionMask = 2147483647;
			files = (
				90C39E9C1E06CB7E00800668 /* CRGoodsDetailTests.m in Sources */,
			);
			runOnlyForDeploymentPostprocessing = 0;
		};
		90C39E9E1E06CB7E00800668 /* Sources */ = {
			isa = PBXSourcesBuildPhase;
			buildActionMask = 2147483647;
			files = (
				90C39EA71E06CB7E00800668 /* CRGoodsDetailUITests.m in Sources */,
			);
			runOnlyForDeploymentPostprocessing = 0;
		};
/* End PBXSourcesBuildPhase section */

/* Begin PBXTargetDependency section */
		90C39E991E06CB7E00800668 /* PBXTargetDependency */ = {
			isa = PBXTargetDependency;
			target = 90C39E7D1E06CB7E00800668 /* CRGoodsDetail */;
			targetProxy = 90C39E981E06CB7E00800668 /* PBXContainerItemProxy */;
		};
		90C39EA41E06CB7E00800668 /* PBXTargetDependency */ = {
			isa = PBXTargetDependency;
			target = 90C39E7D1E06CB7E00800668 /* CRGoodsDetail */;
			targetProxy = 90C39EA31E06CB7E00800668 /* PBXContainerItemProxy */;
		};
/* End PBXTargetDependency section */

/* Begin PBXVariantGroup section */
		90C39E8A1E06CB7E00800668 /* Main.storyboard */ = {
			isa = PBXVariantGroup;
			children = (
				90C39E8B1E06CB7E00800668 /* Base */,
			);
			name = Main.storyboard;
			sourceTree = "<group>";
		};
		90C39E8F1E06CB7E00800668 /* LaunchScreen.storyboard */ = {
			isa = PBXVariantGroup;
			children = (
				90C39E901E06CB7E00800668 /* Base */,
			);
			name = LaunchScreen.storyboard;
			sourceTree = "<group>";
		};
/* End PBXVariantGroup section */

/* Begin XCBuildConfiguration section */
		90C39EA91E06CB7E00800668 /* Debug */ = {
			isa = XCBuildConfiguration;
			buildSettings = {
				ALWAYS_SEARCH_USER_PATHS = NO;
				CLANG_ANALYZER_NONNULL = YES;
				CLANG_CXX_LANGUAGE_STANDARD = "gnu++0x";
				CLANG_CXX_LIBRARY = "libc++";
				CLANG_ENABLE_MODULES = YES;
				CLANG_ENABLE_OBJC_ARC = YES;
				CLANG_WARN_BOOL_CONVERSION = YES;
				CLANG_WARN_CONSTANT_CONVERSION = YES;
				CLANG_WARN_DIRECT_OBJC_ISA_USAGE = YES_ERROR;
				CLANG_WARN_DOCUMENTATION_COMMENTS = YES;
				CLANG_WARN_EMPTY_BODY = YES;
				CLANG_WARN_ENUM_CONVERSION = YES;
				CLANG_WARN_INFINITE_RECURSION = YES;
				CLANG_WARN_INT_CONVERSION = YES;
				CLANG_WARN_OBJC_ROOT_CLASS = YES_ERROR;
				CLANG_WARN_SUSPICIOUS_MOVE = YES;
				CLANG_WARN_UNREACHABLE_CODE = YES;
				CLANG_WARN__DUPLICATE_METHOD_MATCH = YES;
				"CODE_SIGN_IDENTITY[sdk=iphoneos*]" = "iPhone Developer";
				COPY_PHASE_STRIP = NO;
				DEBUG_INFORMATION_FORMAT = dwarf;
				ENABLE_STRICT_OBJC_MSGSEND = YES;
				ENABLE_TESTABILITY = YES;
				GCC_C_LANGUAGE_STANDARD = gnu99;
				GCC_DYNAMIC_NO_PIC = NO;
				GCC_NO_COMMON_BLOCKS = YES;
				GCC_OPTIMIZATION_LEVEL = 0;
				GCC_PREPROCESSOR_DEFINITIONS = (
					"DEBUG=1",
					"$(inherited)",
				);
				GCC_WARN_64_TO_32_BIT_CONVERSION = YES;
				GCC_WARN_ABOUT_RETURN_TYPE = YES_ERROR;
				GCC_WARN_UNDECLARED_SELECTOR = YES;
				GCC_WARN_UNINITIALIZED_AUTOS = YES_AGGRESSIVE;
				GCC_WARN_UNUSED_FUNCTION = YES;
				GCC_WARN_UNUSED_VARIABLE = YES;
				IPHONEOS_DEPLOYMENT_TARGET = 10.2;
				MTL_ENABLE_DEBUG_INFO = YES;
				ONLY_ACTIVE_ARCH = YES;
				SDKROOT = iphoneos;
			};
			name = Debug;
		};
		90C39EAA1E06CB7E00800668 /* Release */ = {
			isa = XCBuildConfiguration;
			buildSettings = {
				ALWAYS_SEARCH_USER_PATHS = NO;
				CLANG_ANALYZER_NONNULL = YES;
				CLANG_CXX_LANGUAGE_STANDARD = "gnu++0x";
				CLANG_CXX_LIBRARY = "libc++";
				CLANG_ENABLE_MODULES = YES;
				CLANG_ENABLE_OBJC_ARC = YES;
				CLANG_WARN_BOOL_CONVERSION = YES;
				CLANG_WARN_CONSTANT_CONVERSION = YES;
				CLANG_WARN_DIRECT_OBJC_ISA_USAGE = YES_ERROR;
				CLANG_WARN_DOCUMENTATION_COMMENTS = YES;
				CLANG_WARN_EMPTY_BODY = YES;
				CLANG_WARN_ENUM_CONVERSION = YES;
				CLANG_WARN_INFINITE_RECURSION = YES;
				CLANG_WARN_INT_CONVERSION = YES;
				CLANG_WARN_OBJC_ROOT_CLASS = YES_ERROR;
				CLANG_WARN_SUSPICIOUS_MOVE = YES;
				CLANG_WARN_UNREACHABLE_CODE = YES;
				CLANG_WARN__DUPLICATE_METHOD_MATCH = YES;
				"CODE_SIGN_IDENTITY[sdk=iphoneos*]" = "iPhone Developer";
				COPY_PHASE_STRIP = NO;
				DEBUG_INFORMATION_FORMAT = "dwarf-with-dsym";
				ENABLE_NS_ASSERTIONS = NO;
				ENABLE_STRICT_OBJC_MSGSEND = YES;
				GCC_C_LANGUAGE_STANDARD = gnu99;
				GCC_NO_COMMON_BLOCKS = YES;
				GCC_WARN_64_TO_32_BIT_CONVERSION = YES;
				GCC_WARN_ABOUT_RETURN_TYPE = YES_ERROR;
				GCC_WARN_UNDECLARED_SELECTOR = YES;
				GCC_WARN_UNINITIALIZED_AUTOS = YES_AGGRESSIVE;
				GCC_WARN_UNUSED_FUNCTION = YES;
				GCC_WARN_UNUSED_VARIABLE = YES;
				IPHONEOS_DEPLOYMENT_TARGET = 10.2;
				MTL_ENABLE_DEBUG_INFO = NO;
				SDKROOT = iphoneos;
				VALIDATE_PRODUCT = YES;
			};
			name = Release;
		};
		90C39EAC1E06CB7E00800668 /* Debug */ = {
			isa = XCBuildConfiguration;
			baseConfigurationReference = 83BA7577A1BB5CC3C95C586F /* Pods-CRGoodsDetail.debug.xcconfig */;
			buildSettings = {
				ASSETCATALOG_COMPILER_APPICON_NAME = AppIcon;
				INFOPLIST_FILE = CRGoodsDetail/Info.plist;
				LD_RUNPATH_SEARCH_PATHS = "$(inherited) @executable_path/Frameworks";
				PRODUCT_BUNDLE_IDENTIFIER = BS.CRGoodsDetail;
				PRODUCT_NAME = "$(TARGET_NAME)";
			};
			name = Debug;
		};
		90C39EAD1E06CB7E00800668 /* Release */ = {
			isa = XCBuildConfiguration;
			baseConfigurationReference = 616DAD6C87E0F258C671E5BD /* Pods-CRGoodsDetail.release.xcconfig */;
			buildSettings = {
				ASSETCATALOG_COMPILER_APPICON_NAME = AppIcon;
				INFOPLIST_FILE = CRGoodsDetail/Info.plist;
				LD_RUNPATH_SEARCH_PATHS = "$(inherited) @executable_path/Frameworks";
				PRODUCT_BUNDLE_IDENTIFIER = BS.CRGoodsDetail;
				PRODUCT_NAME = "$(TARGET_NAME)";
			};
			name = Release;
		};
		90C39EAF1E06CB7E00800668 /* Debug */ = {
			isa = XCBuildConfiguration;
			buildSettings = {
				BUNDLE_LOADER = "$(TEST_HOST)";
				INFOPLIST_FILE = CRGoodsDetailTests/Info.plist;
				LD_RUNPATH_SEARCH_PATHS = "$(inherited) @executable_path/Frameworks @loader_path/Frameworks";
				PRODUCT_BUNDLE_IDENTIFIER = BS.CRGoodsDetailTests;
				PRODUCT_NAME = "$(TARGET_NAME)";
				TEST_HOST = "$(BUILT_PRODUCTS_DIR)/CRGoodsDetail.app/CRGoodsDetail";
			};
			name = Debug;
		};
		90C39EB01E06CB7E00800668 /* Release */ = {
			isa = XCBuildConfiguration;
			buildSettings = {
				BUNDLE_LOADER = "$(TEST_HOST)";
				INFOPLIST_FILE = CRGoodsDetailTests/Info.plist;
				LD_RUNPATH_SEARCH_PATHS = "$(inherited) @executable_path/Frameworks @loader_path/Frameworks";
				PRODUCT_BUNDLE_IDENTIFIER = BS.CRGoodsDetailTests;
				PRODUCT_NAME = "$(TARGET_NAME)";
				TEST_HOST = "$(BUILT_PRODUCTS_DIR)/CRGoodsDetail.app/CRGoodsDetail";
			};
			name = Release;
		};
		90C39EB21E06CB7E00800668 /* Debug */ = {
			isa = XCBuildConfiguration;
			buildSettings = {
				INFOPLIST_FILE = CRGoodsDetailUITests/Info.plist;
				LD_RUNPATH_SEARCH_PATHS = "$(inherited) @executable_path/Frameworks @loader_path/Frameworks";
				PRODUCT_BUNDLE_IDENTIFIER = BS.CRGoodsDetailUITests;
				PRODUCT_NAME = "$(TARGET_NAME)";
				TEST_TARGET_NAME = CRGoodsDetail;
			};
			name = Debug;
		};
		90C39EB31E06CB7E00800668 /* Release */ = {
			isa = XCBuildConfiguration;
			buildSettings = {
				INFOPLIST_FILE = CRGoodsDetailUITests/Info.plist;
				LD_RUNPATH_SEARCH_PATHS = "$(inherited) @executable_path/Frameworks @loader_path/Frameworks";
				PRODUCT_BUNDLE_IDENTIFIER = BS.CRGoodsDetailUITests;
				PRODUCT_NAME = "$(TARGET_NAME)";
				TEST_TARGET_NAME = CRGoodsDetail;
			};
			name = Release;
		};
/* End XCBuildConfiguration section */

/* Begin XCConfigurationList section */
		90C39E791E06CB7E00800668 /* Build configuration list for PBXProject "CRGoodsDetail" */ = {
			isa = XCConfigurationList;
			buildConfigurations = (
				90C39EA91E06CB7E00800668 /* Debug */,
				90C39EAA1E06CB7E00800668 /* Release */,
			);
			defaultConfigurationIsVisible = 0;
			defaultConfigurationName = Release;
		};
		90C39EAB1E06CB7E00800668 /* Build configuration list for PBXNativeTarget "CRGoodsDetail" */ = {
			isa = XCConfigurationList;
			buildConfigurations = (
				90C39EAC1E06CB7E00800668 /* Debug */,
				90C39EAD1E06CB7E00800668 /* Release */,
			);
			defaultConfigurationIsVisible = 0;
			defaultConfigurationName = Release;
		};
		90C39EAE1E06CB7E00800668 /* Build configuration list for PBXNativeTarget "CRGoodsDetailTests" */ = {
			isa = XCConfigurationList;
			buildConfigurations = (
				90C39EAF1E06CB7E00800668 /* Debug */,
				90C39EB01E06CB7E00800668 /* Release */,
			);
			defaultConfigurationIsVisible = 0;
			defaultConfigurationName = Release;
		};
		90C39EB11E06CB7E00800668 /* Build configuration list for PBXNativeTarget "CRGoodsDetailUITests" */ = {
			isa = XCConfigurationList;
			buildConfigurations = (
				90C39EB21E06CB7E00800668 /* Debug */,
				90C39EB31E06CB7E00800668 /* Release */,
			);
			defaultConfigurationIsVisible = 0;
			defaultConfigurationName = Release;
		};
/* End XCConfigurationList section */
	};
	rootObject = 90C39E761E06CB7E00800668 /* Project object */;
}
